{
  "name": "module3-project-gamma",
  "lockfileVersion": 3,
  "requires": true,
  "packages": {
    "": {
      "dependencies": {
        "react-carousel": "^4.3.0",
        "react-multi-carousel": "^2.8.4"
      }
    },
    "node_modules/debounce": {
      "version": "1.2.1",
      "resolved": "https://registry.npmjs.org/debounce/-/debounce-1.2.1.tgz",
      "integrity": "sha512-XRRe6Glud4rd/ZGQfiV1ruXSfbvfJedlV9Y6zOlP+2K04vBYiJEte6stfFkCP03aMnY5tsipamumUjL14fofug=="
    },
    "node_modules/range": {
      "version": "0.0.3",
      "resolved": "https://registry.npmjs.org/range/-/range-0.0.3.tgz",
      "integrity": "sha512-OxK2nY2bmeEB4NxoBraQIBOOeOIxoBvm6yt8MA1kLappgkG3SyLf173iOtT5woWycrtESDD2g0Nl2yt8YPoUnw==",
      "engines": {
        "node": ">=0.8"
      }
    },
    "node_modules/react-carousel": {
      "version": "4.3.0",
      "resolved": "https://registry.npmjs.org/react-carousel/-/react-carousel-4.3.0.tgz",
      "integrity": "sha512-t8MfCK877KuOaQFAsO6NwzkWdhcJG8hxSN5zYR7/cSfTNI6DnM/HswvgvdfajtiETuoLZRMXXLZv6QRLGETKjw==",
      "dependencies": {
        "debounce": "^1.1.0",
        "range": "0.0.3"
      },
      "engines": {
        "node": ">4"
      }
    },
    "node_modules/react-multi-carousel": {
      "version": "2.8.4",
      "resolved": "https://registry.npmjs.org/react-multi-carousel/-/react-multi-carousel-2.8.4.tgz",
      "integrity": "sha512-7Is5Wr+m2ebkR+oq2Su2tjUdBwpVtB2O6Tjb74KDNfxWe/FrsTQwezTJTk/r9cKCrRp9Li308v822/5bZm7XKg==",
      "engines": {
        "node": ">=8"
      }
    }
  }
}
